
Microsoft Visual Studio Solution File, Format Version 12.00
# Visual Studio 2012
Project("{FAE04EC0-301F-11D3-BF4B-00C04F79EFBC}") = "Classic.IOS", "Classic.IOS.csproj", "{07301A43-5B96-4AC2-A787-CE81BAEC4A0C}"
EndProject
Global
	GlobalSection(SolutionConfigurationPlatforms) = preSolution
		Debug|iPhoneSimulator = Debug|iPhoneSimulator
		Release|iPhoneSimulator = Release|iPhoneSimulator
		Debug|iPhone = Debug|iPhone
		Release|iPhone = Release|iPhone
	EndGlobalSection
	GlobalSection(ProjectConfigurationPlatforms) = postSolution
		{07301A43-5B96-4AC2-A787-CE81BAEC4A0C}.Debug|iPhoneSimulator.ActiveCfg = Debug|iPhoneSimulator
		{07301A43-5B96-4AC2-A787-CE81BAEC4A0C}.Debug|iPhoneSimulator.Build.0 = Debug|iPhoneSimulator
		{07301A43-5B96-4AC2-A787-CE81BAEC4A0C}.Release|iPhoneSimulator.ActiveCfg = Release|iPhoneSimulator
		{07301A43-5B96-4AC2-A787-CE81BAEC4A0C}.Release|iPhoneSimulator.Build.0 = Release|iPhoneSimulator
		{07301A43-5B96-4AC2-A787-CE81BAEC4A0C}.Debug|iPhone.ActiveCfg = Debug|iPhone
		{07301A43-5B96-4AC2-A787-CE81BAEC4A0C}.Debug|iPhone.Build.0 = Debug|iPhone
		{07301A43-5B96-4AC2-A787-CE81BAEC4A0C}.Release|iPhone.ActiveCfg = Release|iPhone
		{07301A43-5B96-4AC2-A787-CE81BAEC4A0C}.Release|iPhone.Build.0 = Release|iPhone
	EndGlobalSection
EndGlobal
